
Microsoft Visual Studio Solution File, Format Version 12.00
# Visual Studio Version 16
VisualStudioVersion = 16.0.30621.155
MinimumVisualStudioVersion = 10.0.40219.1
Project("{FAE04EC0-301F-11D3-BF4B-00C04F79EFBC}") = "CustomerCaseWebAPI", "CustomerCaseWebAPI\CustomerCaseWebAPI.csproj", "{3DBEE44A-6A79-4432-8131-C62B59F3111B}"
EndProject
Global
	GlobalSection(SolutionConfigurationPlatforms) = preSolution
		Debug|Any CPU = Debug|Any CPU
		Release|Any CPU = Release|Any CPU
	EndGlobalSection
	GlobalSection(ProjectConfigurationPlatforms) = postSolution
		{3DBEE44A-6A79-4432-8131-C62B59F3111B}.Debug|Any CPU.ActiveCfg = Debug|Any CPU
		{3DBEE44A-6A79-4432-8131-C62B59F3111B}.Debug|Any CPU.Build.0 = Debug|Any CPU
		{3DBEE44A-6A79-4432-8131-C62B59F3111B}.Release|Any CPU.ActiveCfg = Release|Any CPU
		{3DBEE44A-6A79-4432-8131-C62B59F3111B}.Release|Any CPU.Build.0 = Release|Any CPU
	EndGlobalSection
	GlobalSection(SolutionProperties) = preSolution
		HideSolutionNode = FALSE
	EndGlobalSection
	GlobalSection(ExtensibilityGlobals) = postSolution
		SolutionGuid = {1379B220-853D-4934-881A-E262F25F400A}
	EndGlobalSection
EndGlobal
